
Microsoft Visual Studio Solution File, Format Version 12.00
# Visual Studio 15
VisualStudioVersion = 15.0.26124.0
MinimumVisualStudioVersion = 15.0.26124.0
Project("{FAE04EC0-301F-11D3-BF4B-00C04F79EFBC}") = "API", "API\API.csproj", "{AFBCCA68-1DAB-4441-A07B-FEF57A0EC9C2}"
EndProject
Project("{FAE04EC0-301F-11D3-BF4B-00C04F79EFBC}") = "Core", "Core\Core.csproj", "{CAFCB011-E8C3-4F94-83E1-2074BA928CD0}"
EndProject
Project("{FAE04EC0-301F-11D3-BF4B-00C04F79EFBC}") = "Infrastracture", "Infrastracture\Infrastracture.csproj", "{A00AA4D1-3455-4086-AFAE-0A7D9B81D2D4}"
EndProject
Global
	GlobalSection(SolutionConfigurationPlatforms) = preSolution
		Debug|Any CPU = Debug|Any CPU
		Debug|x64 = Debug|x64
		Debug|x86 = Debug|x86
		Release|Any CPU = Release|Any CPU
		Release|x64 = Release|x64
		Release|x86 = Release|x86
	EndGlobalSection
	GlobalSection(SolutionProperties) = preSolution
		HideSolutionNode = FALSE
	EndGlobalSection
	GlobalSection(ProjectConfigurationPlatforms) = postSolution
		{AFBCCA68-1DAB-4441-A07B-FEF57A0EC9C2}.Debug|Any CPU.ActiveCfg = Debug|Any CPU
		{AFBCCA68-1DAB-4441-A07B-FEF57A0EC9C2}.Debug|Any CPU.Build.0 = Debug|Any CPU
		{AFBCCA68-1DAB-4441-A07B-FEF57A0EC9C2}.Debug|x64.ActiveCfg = Debug|Any CPU
		{AFBCCA68-1DAB-4441-A07B-FEF57A0EC9C2}.Debug|x64.Build.0 = Debug|Any CPU
		{AFBCCA68-1DAB-4441-A07B-FEF57A0EC9C2}.Debug|x86.ActiveCfg = Debug|Any CPU
		{AFBCCA68-1DAB-4441-A07B-FEF57A0EC9C2}.Debug|x86.Build.0 = Debug|Any CPU
		{AFBCCA68-1DAB-4441-A07B-FEF57A0EC9C2}.Release|Any CPU.ActiveCfg = Release|Any CPU
		{AFBCCA68-1DAB-4441-A07B-FEF57A0EC9C2}.Release|Any CPU.Build.0 = Release|Any CPU
		{AFBCCA68-1DAB-4441-A07B-FEF57A0EC9C2}.Release|x64.ActiveCfg = Release|Any CPU
		{AFBCCA68-1DAB-4441-A07B-FEF57A0EC9C2}.Release|x64.Build.0 = Release|Any CPU
		{AFBCCA68-1DAB-4441-A07B-FEF57A0EC9C2}.Release|x86.ActiveCfg = Release|Any CPU
		{AFBCCA68-1DAB-4441-A07B-FEF57A0EC9C2}.Release|x86.Build.0 = Release|Any CPU
		{CAFCB011-E8C3-4F94-83E1-2074BA928CD0}.Debug|Any CPU.ActiveCfg = Debug|Any CPU
		{CAFCB011-E8C3-4F94-83E1-2074BA928CD0}.Debug|Any CPU.Build.0 = Debug|Any CPU
		{CAFCB011-E8C3-4F94-83E1-2074BA928CD0}.Debug|x64.ActiveCfg = Debug|Any CPU
		{CAFCB011-E8C3-4F94-83E1-2074BA928CD0}.Debug|x64.Build.0 = Debug|Any CPU
		{CAFCB011-E8C3-4F94-83E1-2074BA928CD0}.Debug|x86.ActiveCfg = Debug|Any CPU
		{CAFCB011-E8C3-4F94-83E1-2074BA928CD0}.Debug|x86.Build.0 = Debug|Any CPU
		{CAFCB011-E8C3-4F94-83E1-2074BA928CD0}.Release|Any CPU.ActiveCfg = Release|Any CPU
		{CAFCB011-E8C3-4F94-83E1-2074BA928CD0}.Release|Any CPU.Build.0 = Release|Any CPU
		{CAFCB011-E8C3-4F94-83E1-2074BA928CD0}.Release|x64.ActiveCfg = Release|Any CPU
		{CAFCB011-E8C3-4F94-83E1-2074BA928CD0}.Release|x64.Build.0 = Release|Any CPU
		{CAFCB011-E8C3-4F94-83E1-2074BA928CD0}.Release|x86.ActiveCfg = Release|Any CPU
		{CAFCB011-E8C3-4F94-83E1-2074BA928CD0}.Release|x86.Build.0 = Release|Any CPU
		{A00AA4D1-3455-4086-AFAE-0A7D9B81D2D4}.Debug|Any CPU.ActiveCfg = Debug|Any CPU
		{A00AA4D1-3455-4086-AFAE-0A7D9B81D2D4}.Debug|Any CPU.Build.0 = Debug|Any CPU
		{A00AA4D1-3455-4086-AFAE-0A7D9B81D2D4}.Debug|x64.ActiveCfg = Debug|Any CPU
		{A00AA4D1-3455-4086-AFAE-0A7D9B81D2D4}.Debug|x64.Build.0 = Debug|Any CPU
		{A00AA4D1-3455-4086-AFAE-0A7D9B81D2D4}.Debug|x86.ActiveCfg = Debug|Any CPU
		{A00AA4D1-3455-4086-AFAE-0A7D9B81D2D4}.Debug|x86.Build.0 = Debug|Any CPU
		{A00AA4D1-3455-4086-AFAE-0A7D9B81D2D4}.Release|Any CPU.ActiveCfg = Release|Any CPU
		{A00AA4D1-3455-4086-AFAE-0A7D9B81D2D4}.Release|Any CPU.Build.0 = Release|Any CPU
		{A00AA4D1-3455-4086-AFAE-0A7D9B81D2D4}.Release|x64.ActiveCfg = Release|Any CPU
		{A00AA4D1-3455-4086-AFAE-0A7D9B81D2D4}.Release|x64.Build.0 = Release|Any CPU
		{A00AA4D1-3455-4086-AFAE-0A7D9B81D2D4}.Release|x86.ActiveCfg = Release|Any CPU
		{A00AA4D1-3455-4086-AFAE-0A7D9B81D2D4}.Release|x86.Build.0 = Release|Any CPU
	EndGlobalSection
EndGlobal
